
Microsoft Visual Studio Solution File, Format Version 12.00
# Visual Studio 2012
Project("{FAE04EC0-301F-11D3-BF4B-00C04F79EFBC}") = "UnityVS.PCG Project.CSharp.Plugins", "UnityVS.PCG Project.CSharp.Plugins.csproj", "{165F2394-9EF5-1DC3-7FA8-DAF750C05512}"
EndProject
Project("{FAE04EC0-301F-11D3-BF4B-00C04F79EFBC}") = "UnityVS.PCG Project.CSharp", "UnityVS.PCG Project.CSharp.csproj", "{70C3F284-A948-FE5E-24A2-4572187AA339}"
EndProject
Project("{FAE04EC0-301F-11D3-BF4B-00C04F79EFBC}") = "UnityVS.PCG Project.CSharp.Editor.Plugins", "UnityVS.PCG Project.CSharp.Editor.Plugins.csproj", "{CC32E6C9-5ED3-FDF7-5CCA-4A1949716056}"
EndProject
Global
	GlobalSection(SolutionConfigurationPlatforms) = preSolution
		Debug|Any CPU = Debug|Any CPU
		Release|Any CPU = Release|Any CPU
	EndGlobalSection
	GlobalSection(ProjectConfigurationPlatforms) = postSolution
		{165F2394-9EF5-1DC3-7FA8-DAF750C05512}.Debug|Any CPU.ActiveCfg = Debug|Any CPU
		{165F2394-9EF5-1DC3-7FA8-DAF750C05512}.Debug|Any CPU.Build.0 = Debug|Any CPU
		{165F2394-9EF5-1DC3-7FA8-DAF750C05512}.Release|Any CPU.ActiveCfg = Release|Any CPU
		{165F2394-9EF5-1DC3-7FA8-DAF750C05512}.Release|Any CPU.Build.0 = Release|Any CPU
		{70C3F284-A948-FE5E-24A2-4572187AA339}.Debug|Any CPU.ActiveCfg = Debug|Any CPU
		{70C3F284-A948-FE5E-24A2-4572187AA339}.Debug|Any CPU.Build.0 = Debug|Any CPU
		{70C3F284-A948-FE5E-24A2-4572187AA339}.Release|Any CPU.ActiveCfg = Release|Any CPU
		{70C3F284-A948-FE5E-24A2-4572187AA339}.Release|Any CPU.Build.0 = Release|Any CPU
		{CC32E6C9-5ED3-FDF7-5CCA-4A1949716056}.Debug|Any CPU.ActiveCfg = Debug|Any CPU
		{CC32E6C9-5ED3-FDF7-5CCA-4A1949716056}.Debug|Any CPU.Build.0 = Debug|Any CPU
		{CC32E6C9-5ED3-FDF7-5CCA-4A1949716056}.Release|Any CPU.ActiveCfg = Release|Any CPU
		{CC32E6C9-5ED3-FDF7-5CCA-4A1949716056}.Release|Any CPU.Build.0 = Release|Any CPU
	EndGlobalSection
	GlobalSection(SolutionProperties) = preSolution
		HideSolutionNode = FALSE
	EndGlobalSection
EndGlobal
